# THIS IS AN AUTOGENERATED FILE. DO NOT EDIT THIS FILE DIRECTLY.
# yarn lockfile v1


"@babel/helper-plugin-utils@^7.16.7":
  version "7.16.7"
  resolved "https://registry.yarnpkg.com/@babel/helper-plugin-utils/-/helper-plugin-utils-7.16.7.tgz#aa3a8ab4c3cceff8e65eb9e73d87dc4ff320b2f5"
  integrity sha512-Qg3Nk7ZxpgMrsox6HreY1ZNKdBq7K72tDSliA6dCl5f007jR4ne8iD5UzuNnCJH2xBf2BEEVGr+/OL6Gdp7RxA==

"@babel/plugin-syntax-jsx@^7.16.7":
  version "7.16.7"
  resolved "https://registry.yarnpkg.com/@babel/plugin-syntax-jsx/-/plugin-syntax-jsx-7.16.7.tgz#50b6571d13f764266a113d77c82b4a6508bbe665"
  integrity sha512-Esxmk7YjA8QysKeT3VhTXvF6y77f/a91SIs4pWb4H2eWGQkCKFgQaG6hdoEVZtGsrAcb2K5BW66XsOErD4WU3Q==
  dependencies:
    "@babel/helper-plugin-utils" "^7.16.7"
