# THIS IS AN AUTOGENERATED FILE. DO NOT EDIT THIS FILE DIRECTLY.
# yarn lockfile v1


babel-plugin-transform-rename-import@^2.3.0:
  version "2.3.0"
  resolved "https://registry.yarnpkg.com/babel-plugin-transform-rename-import/-/babel-plugin-transform-rename-import-2.3.0.tgz#5d9d645f937b0ca5c26a24b2510a06277b6ffd9b"
  integrity sha512-dPgJoT57XC0PqSnLgl2FwNvxFrWlspatX2dkk7yjKQj5HHGw071vAcOf+hqW8ClqcBDMvEbm6mevn5yHAD8mlQ==
